
Microsoft Visual Studio Solution File, Format Version 12.00
# Visual Studio 14
VisualStudioVersion = 14.0.23107.0
MinimumVisualStudioVersion = 10.0.40219.1
Project("{8BC9CEB8-8B4A-11D0-8D11-00A0C91BC942}") = "log4cxx", "log4cxx.vcxproj", "{24D2D608-22E9-42EF-960B-15A900E6AD16}"
	ProjectSection(ProjectDependencies) = postProject
		{FB49065A-4F57-47CF-B28C-AB7CFD0BF84F} = {FB49065A-4F57-47CF-B28C-AB7CFD0BF84F}
		{705A869D-5AE7-4281-ABCA-081F842E2237} = {705A869D-5AE7-4281-ABCA-081F842E2237}
		{055E5BCC-C917-4ECE-8C76-D81B3DBAE6EB} = {055E5BCC-C917-4ECE-8C76-D81B3DBAE6EB}
	EndProjectSection
EndProject
Project("{8BC9CEB8-8B4A-11D0-8D11-00A0C91BC942}") = "apr", ".\apr.vcxproj", "{705A869D-5AE7-4281-ABCA-081F842E2237}"
EndProject
Project("{8BC9CEB8-8B4A-11D0-8D11-00A0C91BC942}") = "aprutil", ".\aprutil.vcxproj", "{FB49065A-4F57-47CF-B28C-AB7CFD0BF84F}"
	ProjectSection(ProjectDependencies) = postProject
		{705A869D-5AE7-4281-ABCA-081F842E2237} = {705A869D-5AE7-4281-ABCA-081F842E2237}
		{055E5BCC-C917-4ECE-8C76-D81B3DBAE6EB} = {055E5BCC-C917-4ECE-8C76-D81B3DBAE6EB}
	EndProjectSection
EndProject
Project("{8BC9CEB8-8B4A-11D0-8D11-00A0C91BC942}") = "xml", ".\xml.vcxproj", "{055E5BCC-C917-4ECE-8C76-D81B3DBAE6EB}"
EndProject
Global
	GlobalSection(SolutionConfigurationPlatforms) = preSolution
		Debug|x64 = Debug|x64
		Debug|x86 = Debug|x86
		Release|x64 = Release|x64
		Release|x86 = Release|x86
	EndGlobalSection
	GlobalSection(ProjectConfigurationPlatforms) = postSolution
		{24D2D608-22E9-42EF-960B-15A900E6AD16}.Debug|x64.ActiveCfg = Debug|x64
		{24D2D608-22E9-42EF-960B-15A900E6AD16}.Debug|x64.Build.0 = Debug|x64
		{24D2D608-22E9-42EF-960B-15A900E6AD16}.Debug|x86.ActiveCfg = Debug|Win32
		{24D2D608-22E9-42EF-960B-15A900E6AD16}.Debug|x86.Build.0 = Debug|Win32
		{24D2D608-22E9-42EF-960B-15A900E6AD16}.Release|x64.ActiveCfg = Release|x64
		{24D2D608-22E9-42EF-960B-15A900E6AD16}.Release|x64.Build.0 = Release|x64
		{24D2D608-22E9-42EF-960B-15A900E6AD16}.Release|x86.ActiveCfg = Release|Win32
		{24D2D608-22E9-42EF-960B-15A900E6AD16}.Release|x86.Build.0 = Release|Win32
		{705A869D-5AE7-4281-ABCA-081F842E2237}.Debug|x64.ActiveCfg = Debug|x64
		{705A869D-5AE7-4281-ABCA-081F842E2237}.Debug|x64.Build.0 = Debug|x64
		{705A869D-5AE7-4281-ABCA-081F842E2237}.Debug|x86.ActiveCfg = Debug|Win32
		{705A869D-5AE7-4281-ABCA-081F842E2237}.Debug|x86.Build.0 = Debug|Win32
		{705A869D-5AE7-4281-ABCA-081F842E2237}.Release|x64.ActiveCfg = Release|x64
		{705A869D-5AE7-4281-ABCA-081F842E2237}.Release|x64.Build.0 = Release|x64
		{705A869D-5AE7-4281-ABCA-081F842E2237}.Release|x86.ActiveCfg = Release|Win32
		{705A869D-5AE7-4281-ABCA-081F842E2237}.Release|x86.Build.0 = Release|Win32
		{FB49065A-4F57-47CF-B28C-AB7CFD0BF84F}.Debug|x64.ActiveCfg = Debug|x64
		{FB49065A-4F57-47CF-B28C-AB7CFD0BF84F}.Debug|x64.Build.0 = Debug|x64
		{FB49065A-4F57-47CF-B28C-AB7CFD0BF84F}.Debug|x86.ActiveCfg = Debug|Win32
		{FB49065A-4F57-47CF-B28C-AB7CFD0BF84F}.Debug|x86.Build.0 = Debug|Win32
		{FB49065A-4F57-47CF-B28C-AB7CFD0BF84F}.Release|x64.ActiveCfg = Release|x64
		{FB49065A-4F57-47CF-B28C-AB7CFD0BF84F}.Release|x64.Build.0 = Release|x64
		{FB49065A-4F57-47CF-B28C-AB7CFD0BF84F}.Release|x86.ActiveCfg = Release|Win32
		{FB49065A-4F57-47CF-B28C-AB7CFD0BF84F}.Release|x86.Build.0 = Release|Win32
		{055E5BCC-C917-4ECE-8C76-D81B3DBAE6EB}.Debug|x64.ActiveCfg = Debug|x64
		{055E5BCC-C917-4ECE-8C76-D81B3DBAE6EB}.Debug|x64.Build.0 = Debug|x64
		{055E5BCC-C917-4ECE-8C76-D81B3DBAE6EB}.Debug|x86.ActiveCfg = Debug|Win32
		{055E5BCC-C917-4ECE-8C76-D81B3DBAE6EB}.Debug|x86.Build.0 = Debug|Win32
		{055E5BCC-C917-4ECE-8C76-D81B3DBAE6EB}.Release|x64.ActiveCfg = Release|x64
		{055E5BCC-C917-4ECE-8C76-D81B3DBAE6EB}.Release|x64.Build.0 = Release|x64
		{055E5BCC-C917-4ECE-8C76-D81B3DBAE6EB}.Release|x86.ActiveCfg = Release|Win32
		{055E5BCC-C917-4ECE-8C76-D81B3DBAE6EB}.Release|x86.Build.0 = Release|Win32
	EndGlobalSection
	GlobalSection(SolutionProperties) = preSolution
		HideSolutionNode = FALSE
	EndGlobalSection
EndGlobal
